// !$*UTF8*$!
{
	archiveVersion = 1;
	classes = {
	};
	objectVersion = 50;
	objects = {

/* Begin PBXBuildFile section */
		80D6141E6B2BD4C43C017C3F /* libPods-Expense&Income.a in Frameworks */ = {isa = PBXBuildFile; fileRef = D8EBDECA7CE29B40F2713C73 /* libPods-Expense&Income.a */; };
		E95C1CCA2635AEC6002786DA /* DetailVC.swift in Sources */ = {isa = PBXBuildFile; fileRef = E95C1CC92635AEC6002786DA /* DetailVC.swift */; };
		E95C1CCE263601C9002786DA /* TablePopoverVC.swift in Sources */ = {isa = PBXBuildFile; fileRef = E95C1CCD263601C9002786DA /* TablePopoverVC.swift */; };
		E95C1CD4263606F3002786DA /* PopoverCell.swift in Sources */ = {isa = PBXBuildFile; fileRef = E95C1CD3263606F3002786DA /* PopoverCell.swift */; };
		E9954337263B14CD00FAC473 /* o_Montserrat.ttf in Resources */ = {isa = PBXBuildFile; fileRef = E9954336263B139900FAC473 /* o_Montserrat.ttf */; };
		E9954338263B14CF00FAC473 /* o_MontserratBold.ttf in Resources */ = {isa = PBXBuildFile; fileRef = E9954335263B139900FAC473 /* o_MontserratBold.ttf */; };
		E9B3FF732632D5E300E182A6 /* AppDelegate.swift in Sources */ = {isa = PBXBuildFile; fileRef = E9B3FF722632D5E300E182A6 /* AppDelegate.swift */; };
		E9B3FF752632D5E300E182A6 /* SceneDelegate.swift in Sources */ = {isa = PBXBuildFile; fileRef = E9B3FF742632D5E300E182A6 /* SceneDelegate.swift */; };
		E9B3FF7A2632D5E300E182A6 /* Main.storyboard in Resources */ = {isa = PBXBuildFile; fileRef = E9B3FF782632D5E300E182A6 /* Main.storyboard */; };
		E9B3FF7C2632D5E400E182A6 /* Assets.xcassets in Resources */ = {isa = PBXBuildFile; fileRef = E9B3FF7B2632D5E400E182A6 /* Assets.xcassets */; };
		E9B3FF7F2632D5E400E182A6 /* LaunchScreen.storyboard in Resources */ = {isa = PBXBuildFile; fileRef = E9B3FF7D2632D5E400E182A6 /* LaunchScreen.storyboard */; };
		E9B3FF8B2632D6A300E182A6 /* ExpensesVC.swift in Sources */ = {isa = PBXBuildFile; fileRef = E9B3FF8A2632D6A300E182A6 /* ExpensesVC.swift */; };
		E9B3FF8E2632D6E300E182A6 /* DataModel.swift in Sources */ = {isa = PBXBuildFile; fileRef = E9B3FF8D2632D6E300E182A6 /* DataModel.swift */; };
		E9B3FF922632D89B00E182A6 /* IncomesVC.swift in Sources */ = {isa = PBXBuildFile; fileRef = E9B3FF912632D89B00E182A6 /* IncomesVC.swift */; };
		E9B3FF952632D9A500E182A6 /* TabBarVC.swift in Sources */ = {isa = PBXBuildFile; fileRef = E9B3FF942632D9A500E182A6 /* TabBarVC.swift */; };
		E9B3FFA32632E56A00E182A6 /* IncomeCell.swift in Sources */ = {isa = PBXBuildFile; fileRef = E9B3FFA22632E56A00E182A6 /* IncomeCell.swift */; };
		E9B3FFA62632E57500E182A6 /* ExpenseCell.swift in Sources */ = {isa = PBXBuildFile; fileRef = E9B3FFA52632E57500E182A6 /* ExpenseCell.swift */; };
		E9B3FFAC2632EA1900E182A6 /* UIViewController.swift in Sources */ = {isa = PBXBuildFile; fileRef = E9B3FFAB2632EA1900E182A6 /* UIViewController.swift */; };
		E9B3FFB02632EA7C00E182A6 /* MainContainerVC.swift in Sources */ = {isa = PBXBuildFile; fileRef = E9B3FFAF2632EA7C00E182A6 /* MainContainerVC.swift */; };
		E9B3FFB42632EBE000E182A6 /* AddExpenseVC.swift in Sources */ = {isa = PBXBuildFile; fileRef = E9B3FFB32632EBE000E182A6 /* AddExpenseVC.swift */; };
		E9B3FFB72632EBEC00E182A6 /* AddIncomeVC.swift in Sources */ = {isa = PBXBuildFile; fileRef = E9B3FFB62632EBEC00E182A6 /* AddIncomeVC.swift */; };
		E9B3FFBA2632EC4C00E182A6 /* BudgetVC.swift in Sources */ = {isa = PBXBuildFile; fileRef = E9B3FFB92632EC4C00E182A6 /* BudgetVC.swift */; };
		E9B3FFC526333EF600E182A6 /* DataManager.swift in Sources */ = {isa = PBXBuildFile; fileRef = E9B3FFC426333EF600E182A6 /* DataManager.swift */; };
/* End PBXBuildFile section */

/* Begin PBXFileReference section */
		34B769994457518423AB8B05 /* Pods-Expense&Income.release.xcconfig */ = {isa = PBXFileReference; includeInIndex = 1; lastKnownFileType = text.xcconfig; name = "Pods-Expense&Income.release.xcconfig"; path = "Target Support Files/Pods-Expense&Income/Pods-Expense&Income.release.xcconfig"; sourceTree = "<group>"; };
		98CA1D14361377375EAA96C6 /* Pods-Expense&Income.debug.xcconfig */ = {isa = PBXFileReference; includeInIndex = 1; lastKnownFileType = text.xcconfig; name = "Pods-Expense&Income.debug.xcconfig"; path = "Target Support Files/Pods-Expense&Income/Pods-Expense&Income.debug.xcconfig"; sourceTree = "<group>"; };
		D8EBDECA7CE29B40F2713C73 /* libPods-Expense&Income.a */ = {isa = PBXFileReference; explicitFileType = archive.ar; includeInIndex = 0; path = "libPods-Expense&Income.a"; sourceTree = BUILT_PRODUCTS_DIR; };
		E95C1CC92635AEC6002786DA /* DetailVC.swift */ = {isa = PBXFileReference; lastKnownFileType = sourcecode.swift; path = DetailVC.swift; sourceTree = "<group>"; };
		E95C1CCD263601C9002786DA /* TablePopoverVC.swift */ = {isa = PBXFileReference; lastKnownFileType = sourcecode.swift; path = TablePopoverVC.swift; sourceTree = "<group>"; };
		E95C1CD3263606F3002786DA /* PopoverCell.swift */ = {isa = PBXFileReference; lastKnownFileType = sourcecode.swift; path = PopoverCell.swift; sourceTree = "<group>"; };
		E9954335263B139900FAC473 /* o_MontserratBold.ttf */ = {isa = PBXFileReference; lastKnownFileType = file; path = o_MontserratBold.ttf; sourceTree = "<group>"; };
		E9954336263B139900FAC473 /* o_Montserrat.ttf */ = {isa = PBXFileReference; lastKnownFileType = file; path = o_Montserrat.ttf; sourceTree = "<group>"; };
		E9B3FF6F2632D5E300E182A6 /* Expense&Income.app */ = {isa = PBXFileReference; explicitFileType = wrapper.application; includeInIndex = 0; path = "Expense&Income.app"; sourceTree = BUILT_PRODUCTS_DIR; };
		E9B3FF722632D5E300E182A6 /* AppDelegate.swift */ = {isa = PBXFileReference; lastKnownFileType = sourcecode.swift; path = AppDelegate.swift; sourceTree = "<group>"; };
		E9B3FF742632D5E300E182A6 /* SceneDelegate.swift */ = {isa = PBXFileReference; lastKnownFileType = sourcecode.swift; path = SceneDelegate.swift; sourceTree = "<group>"; };
		E9B3FF792632D5E300E182A6 /* Base */ = {isa = PBXFileReference; lastKnownFileType = file.storyboard; name = Base; path = Base.lproj/Main.storyboard; sourceTree = "<group>"; };
		E9B3FF7B2632D5E400E182A6 /* Assets.xcassets */ = {isa = PBXFileReference; lastKnownFileType = folder.assetcatalog; path = Assets.xcassets; sourceTree = "<group>"; };
		E9B3FF7E2632D5E400E182A6 /* Base */ = {isa = PBXFileReference; lastKnownFileType = file.storyboard; name = Base; path = Base.lproj/LaunchScreen.storyboard; sourceTree = "<group>"; };
		E9B3FF802632D5E400E182A6 /* Info.plist */ = {isa = PBXFileReference; lastKnownFileType = text.plist.xml; path = Info.plist; sourceTree = "<group>"; };
		E9B3FF8A2632D6A300E182A6 /* ExpensesVC.swift */ = {isa = PBXFileReference; lastKnownFileType = sourcecode.swift; path = ExpensesVC.swift; sourceTree = "<group>"; };
		E9B3FF8D2632D6E300E182A6 /* DataModel.swift */ = {isa = PBXFileReference; lastKnownFileType = sourcecode.swift; path = DataModel.swift; sourceTree = "<group>"; };
		E9B3FF912632D89B00E182A6 /* IncomesVC.swift */ = {isa = PBXFileReference; lastKnownFileType = sourcecode.swift; path = IncomesVC.swift; sourceTree = "<group>"; };
		E9B3FF942632D9A500E182A6 /* TabBarVC.swift */ = {isa = PBXFileReference; lastKnownFileType = sourcecode.swift; path = TabBarVC.swift; sourceTree = "<group>"; };
		E9B3FFA22632E56A00E182A6 /* IncomeCell.swift */ = {isa = PBXFileReference; lastKnownFileType = sourcecode.swift; path = IncomeCell.swift; sourceTree = "<group>"; };
		E9B3FFA52632E57500E182A6 /* ExpenseCell.swift */ = {isa = PBXFileReference; lastKnownFileType = sourcecode.swift; path = ExpenseCell.swift; sourceTree = "<group>"; };
		E9B3FFAB2632EA1900E182A6 /* UIViewController.swift */ = {isa = PBXFileReference; lastKnownFileType = sourcecode.swift; path = UIViewController.swift; sourceTree = "<group>"; };
		E9B3FFAF2632EA7C00E182A6 /* MainContainerVC.swift */ = {isa = PBXFileReference; lastKnownFileType = sourcecode.swift; path = MainContainerVC.swift; sourceTree = "<group>"; };
		E9B3FFB32632EBE000E182A6 /* AddExpenseVC.swift */ = {isa = PBXFileReference; lastKnownFileType = sourcecode.swift; path = AddExpenseVC.swift; sourceTree = "<group>"; };
		E9B3FFB62632EBEC00E182A6 /* AddIncomeVC.swift */ = {isa = PBXFileReference; lastKnownFileType = sourcecode.swift; path = AddIncomeVC.swift; sourceTree = "<group>"; };
		E9B3FFB92632EC4C00E182A6 /* BudgetVC.swift */ = {isa = PBXFileReference; lastKnownFileType = sourcecode.swift; path = BudgetVC.swift; sourceTree = "<group>"; };
		E9B3FFC426333EF600E182A6 /* DataManager.swift */ = {isa = PBXFileReference; lastKnownFileType = sourcecode.swift; path = DataManager.swift; sourceTree = "<group>"; };
/* End PBXFileReference section */

/* Begin PBXFrameworksBuildPhase section */
		E9B3FF6C2632D5E300E182A6 /* Frameworks */ = {
			isa = PBXFrameworksBuildPhase;
			buildActionMask = 2147483647;
			files = (
				80D6141E6B2BD4C43C017C3F /* libPods-Expense&Income.a in Frameworks */,
			);
			runOnlyForDeploymentPostprocessing = 0;
		};
/* End PBXFrameworksBuildPhase section */

/* Begin PBXGroup section */
		1090CFE32F621FDB152FB2CD /* Pods */ = {
			isa = PBXGroup;
			children = (
				98CA1D14361377375EAA96C6 /* Pods-Expense&Income.debug.xcconfig */,
				34B769994457518423AB8B05 /* Pods-Expense&Income.release.xcconfig */,
			);
			path = Pods;
			sourceTree = "<group>";
		};
		D9C7682D56BF9A4B783812FE /* Frameworks */ = {
			isa = PBXGroup;
			children = (
				D8EBDECA7CE29B40F2713C73 /* libPods-Expense&Income.a */,
			);
			name = Frameworks;
			sourceTree = "<group>";
		};
		E9954334263B137B00FAC473 /* Fonts */ = {
			isa = PBXGroup;
			children = (
				E9954336263B139900FAC473 /* o_Montserrat.ttf */,
				E9954335263B139900FAC473 /* o_MontserratBold.ttf */,
			);
			path = Fonts;
			sourceTree = "<group>";
		};
		E9B3FF662632D5E300E182A6 = {
			isa = PBXGroup;
			children = (
				E9B3FF712632D5E300E182A6 /* Expense&Income */,
				E9B3FF702632D5E300E182A6 /* Products */,
				1090CFE32F621FDB152FB2CD /* Pods */,
				D9C7682D56BF9A4B783812FE /* Frameworks */,
			);
			sourceTree = "<group>";
			usesTabs = 0;
		};
		E9B3FF702632D5E300E182A6 /* Products */ = {
			isa = PBXGroup;
			children = (
				E9B3FF6F2632D5E300E182A6 /* Expense&Income.app */,
			);
			name = Products;
			sourceTree = "<group>";
		};
		E9B3FF712632D5E300E182A6 /* Expense&Income */ = {
			isa = PBXGroup;
			children = (
				E9954334263B137B00FAC473 /* Fonts */,
				E9B3FFAA2632EA0A00E182A6 /* Extensions */,
				E9B3FF9F2632DD0A00E182A6 /* Supportings */,
				E9B3FF9B2632DCEA00E182A6 /* DataModel */,
				E9B3FFC326333EE900E182A6 /* DataManager */,
				E9B3FF992632DCE200E182A6 /* ViewControllers */,
				E9B3FFA82632E57B00E182A6 /* Support VCs */,
				E9B3FF9D2632DCFA00E182A6 /* Storyboards */,
				E9B3FF9E2632DD0200E182A6 /* Files */,
			);
			path = "Expense&Income";
			sourceTree = "<group>";
		};
		E9B3FF992632DCE200E182A6 /* ViewControllers */ = {
			isa = PBXGroup;
			children = (
				E9B3FF942632D9A500E182A6 /* TabBarVC.swift */,
				E95C1CC92635AEC6002786DA /* DetailVC.swift */,
				E9B3FF8A2632D6A300E182A6 /* ExpensesVC.swift */,
				E9B3FF912632D89B00E182A6 /* IncomesVC.swift */,
				E9B3FFB92632EC4C00E182A6 /* BudgetVC.swift */,
				E9B3FFB32632EBE000E182A6 /* AddExpenseVC.swift */,
				E9B3FFB62632EBEC00E182A6 /* AddIncomeVC.swift */,
			);
			path = ViewControllers;
			sourceTree = "<group>";
		};
		E9B3FF9B2632DCEA00E182A6 /* DataModel */ = {
			isa = PBXGroup;
			children = (
				E9B3FF8D2632D6E300E182A6 /* DataModel.swift */,
			);
			path = DataModel;
			sourceTree = "<group>";
		};
		E9B3FF9D2632DCFA00E182A6 /* Storyboards */ = {
			isa = PBXGroup;
			children = (
				E9B3FF782632D5E300E182A6 /* Main.storyboard */,
				E9B3FF7D2632D5E400E182A6 /* LaunchScreen.storyboard */,
			);
			path = Storyboards;
			sourceTree = "<group>";
		};
		E9B3FF9E2632DD0200E182A6 /* Files */ = {
			isa = PBXGroup;
			children = (
				E9B3FF7B2632D5E400E182A6 /* Assets.xcassets */,
			);
			path = Files;
			sourceTree = "<group>";
		};
		E9B3FF9F2632DD0A00E182A6 /* Supportings */ = {
			isa = PBXGroup;
			children = (
				E9B3FF722632D5E300E182A6 /* AppDelegate.swift */,
				E9B3FF742632D5E300E182A6 /* SceneDelegate.swift */,
				E9B3FF802632D5E400E182A6 /* Info.plist */,
			);
			path = Supportings;
			sourceTree = "<group>";
		};
		E9B3FFA82632E57B00E182A6 /* Support VCs */ = {
			isa = PBXGroup;
			children = (
				E9B3FFA22632E56A00E182A6 /* IncomeCell.swift */,
				E9B3FFA52632E57500E182A6 /* ExpenseCell.swift */,
				E9B3FFAF2632EA7C00E182A6 /* MainContainerVC.swift */,
				E95C1CCD263601C9002786DA /* TablePopoverVC.swift */,
				E95C1CD3263606F3002786DA /* PopoverCell.swift */,
			);
			path = "Support VCs";
			sourceTree = "<group>";
		};
		E9B3FFAA2632EA0A00E182A6 /* Extensions */ = {
			isa = PBXGroup;
			children = (
				E9B3FFAB2632EA1900E182A6 /* UIViewController.swift */,
			);
			path = Extensions;
			sourceTree = "<group>";
		};
		E9B3FFC326333EE900E182A6 /* DataManager */ = {
			isa = PBXGroup;
			children = (
				E9B3FFC426333EF600E182A6 /* DataManager.swift */,
			);
			path = DataManager;
			sourceTree = "<group>";
		};
/* End PBXGroup section */

/* Begin PBXNativeTarget section */
		E9B3FF6E2632D5E300E182A6 /* Expense&Income */ = {
			isa = PBXNativeTarget;
			buildConfigurationList = E9B3FF832632D5E400E182A6 /* Build configuration list for PBXNativeTarget "Expense&Income" */;
			buildPhases = (
				1DF8A6BD07DB1934EBD85705 /* [CP] Check Pods Manifest.lock */,
				E9B3FF6B2632D5E300E182A6 /* Sources */,
				E9B3FF6C2632D5E300E182A6 /* Frameworks */,
				E9B3FF6D2632D5E300E182A6 /* Resources */,
			);
			buildRules = (
			);
			dependencies = (
			);
			name = "Expense&Income";
			productName = "Expense&Income";
			productReference = E9B3FF6F2632D5E300E182A6 /* Expense&Income.app */;
			productType = "com.apple.product-type.application";
		};
/* End PBXNativeTarget section */

/* Begin PBXProject section */
		E9B3FF672632D5E300E182A6 /* Project object */ = {
			isa = PBXProject;
			attributes = {
				LastSwiftUpdateCheck = 1240;
				LastUpgradeCheck = 1240;
				TargetAttributes = {
					E9B3FF6E2632D5E300E182A6 = {
						CreatedOnToolsVersion = 12.4;
					};
				};
			};
			buildConfigurationList = E9B3FF6A2632D5E300E182A6 /* Build configuration list for PBXProject "Expense&Income" */;
			compatibilityVersion = "Xcode 9.3";
			developmentRegion = en;
			hasScannedForEncodings = 0;
			knownRegions = (
				en,
				Base,
			);
			mainGroup = E9B3FF662632D5E300E182A6;
			productRefGroup = E9B3FF702632D5E300E182A6 /* Products */;
			projectDirPath = "";
			projectRoot = "";
			targets = (
				E9B3FF6E2632D5E300E182A6 /* Expense&Income */,
			);
		};
/* End PBXProject section */

/* Begin PBXResourcesBuildPhase section */
		E9B3FF6D2632D5E300E182A6 /* Resources */ = {
			isa = PBXResourcesBuildPhase;
			buildActionMask = 2147483647;
			files = (
				E9B3FF7F2632D5E400E182A6 /* LaunchScreen.storyboard in Resources */,
				E9954338263B14CF00FAC473 /* o_MontserratBold.ttf in Resources */,
				E9954337263B14CD00FAC473 /* o_Montserrat.ttf in Resources */,
				E9B3FF7C2632D5E400E182A6 /* Assets.xcassets in Resources */,
				E9B3FF7A2632D5E300E182A6 /* Main.storyboard in Resources */,
			);
			runOnlyForDeploymentPostprocessing = 0;
		};
/* End PBXResourcesBuildPhase section */

/* Begin PBXShellScriptBuildPhase section */
		1DF8A6BD07DB1934EBD85705 /* [CP] Check Pods Manifest.lock */ = {
			isa = PBXShellScriptBuildPhase;
			buildActionMask = 2147483647;
			files = (
			);
			inputFileListPaths = (
			);
			inputPaths = (
				"${PODS_PODFILE_DIR_PATH}/Podfile.lock",
				"${PODS_ROOT}/Manifest.lock",
			);
			name = "[CP] Check Pods Manifest.lock";
			outputFileListPaths = (
			);
			outputPaths = (
				"$(DERIVED_FILE_DIR)/Pods-Expense&Income-checkManifestLockResult.txt",
			);
			runOnlyForDeploymentPostprocessing = 0;
			shellPath = /bin/sh;
			shellScript = "diff \"${PODS_PODFILE_DIR_PATH}/Podfile.lock\" \"${PODS_ROOT}/Manifest.lock\" > /dev/null\nif [ $? != 0 ] ; then\n    # print error to STDERR\n    echo \"error: The sandbox is not in sync with the Podfile.lock. Run 'pod install' or update your CocoaPods installation.\" >&2\n    exit 1\nfi\n# This output is used by Xcode 'outputs' to avoid re-running this script phase.\necho \"SUCCESS\" > \"${SCRIPT_OUTPUT_FILE_0}\"\n";
			showEnvVarsInLog = 0;
		};
/* End PBXShellScriptBuildPhase section */

/* Begin PBXSourcesBuildPhase section */
		E9B3FF6B2632D5E300E182A6 /* Sources */ = {
			isa = PBXSourcesBuildPhase;
			buildActionMask = 2147483647;
			files = (
				E9B3FFBA2632EC4C00E182A6 /* BudgetVC.swift in Sources */,
				E9B3FF922632D89B00E182A6 /* IncomesVC.swift in Sources */,
				E9B3FF732632D5E300E182A6 /* AppDelegate.swift in Sources */,
				E9B3FFAC2632EA1900E182A6 /* UIViewController.swift in Sources */,
				E9B3FF8E2632D6E300E182A6 /* DataModel.swift in Sources */,
				E95C1CCA2635AEC6002786DA /* DetailVC.swift in Sources */,
				E9B3FF8B2632D6A300E182A6 /* ExpensesVC.swift in Sources */,
				E95C1CD4263606F3002786DA /* PopoverCell.swift in Sources */,
				E9B3FFB72632EBEC00E182A6 /* AddIncomeVC.swift in Sources */,
				E9B3FFA62632E57500E182A6 /* ExpenseCell.swift in Sources */,
				E9B3FF952632D9A500E182A6 /* TabBarVC.swift in Sources */,
				E9B3FFC526333EF600E182A6 /* DataManager.swift in Sources */,
				E95C1CCE263601C9002786DA /* TablePopoverVC.swift in Sources */,
				E9B3FFB02632EA7C00E182A6 /* MainContainerVC.swift in Sources */,
				E9B3FFB42632EBE000E182A6 /* AddExpenseVC.swift in Sources */,
				E9B3FF752632D5E300E182A6 /* SceneDelegate.swift in Sources */,
				E9B3FFA32632E56A00E182A6 /* IncomeCell.swift in Sources */,
			);
			runOnlyForDeploymentPostprocessing = 0;
		};
/* End PBXSourcesBuildPhase section */

/* Begin PBXVariantGroup section */
		E9B3FF782632D5E300E182A6 /* Main.storyboard */ = {
			isa = PBXVariantGroup;
			children = (
				E9B3FF792632D5E300E182A6 /* Base */,
			);
			name = Main.storyboard;
			sourceTree = "<group>";
		};
		E9B3FF7D2632D5E400E182A6 /* LaunchScreen.storyboard */ = {
			isa = PBXVariantGroup;
			children = (
				E9B3FF7E2632D5E400E182A6 /* Base */,
			);
			name = LaunchScreen.storyboard;
			sourceTree = "<group>";
		};
/* End PBXVariantGroup section */

/* Begin XCBuildConfiguration section */
		E9B3FF812632D5E400E182A6 /* Debug */ = {
			isa = XCBuildConfiguration;
			buildSettings = {
				ALWAYS_SEARCH_USER_PATHS = NO;
				CLANG_ANALYZER_NONNULL = YES;
				CLANG_ANALYZER_NUMBER_OBJECT_CONVERSION = YES_AGGRESSIVE;
				CLANG_CXX_LANGUAGE_STANDARD = "gnu++14";
				CLANG_CXX_LIBRARY = "libc++";
				CLANG_ENABLE_MODULES = YES;
				CLANG_ENABLE_OBJC_ARC = YES;
				CLANG_ENABLE_OBJC_WEAK = YES;
				CLANG_WARN_BLOCK_CAPTURE_AUTORELEASING = YES;
				CLANG_WARN_BOOL_CONVERSION = YES;
				CLANG_WARN_COMMA = YES;
				CLANG_WARN_CONSTANT_CONVERSION = YES;
				CLANG_WARN_DEPRECATED_OBJC_IMPLEMENTATIONS = YES;
				CLANG_WARN_DIRECT_OBJC_ISA_USAGE = YES_ERROR;
				CLANG_WARN_DOCUMENTATION_COMMENTS = YES;
				CLANG_WARN_EMPTY_BODY = YES;
				CLANG_WARN_ENUM_CONVERSION = YES;
				CLANG_WARN_INFINITE_RECURSION = YES;
				CLANG_WARN_INT_CONVERSION = YES;
				CLANG_WARN_NON_LITERAL_NULL_CONVERSION = YES;
				CLANG_WARN_OBJC_IMPLICIT_RETAIN_SELF = YES;
				CLANG_WARN_OBJC_LITERAL_CONVERSION = YES;
				CLANG_WARN_OBJC_ROOT_CLASS = YES_ERROR;
				CLANG_WARN_QUOTED_INCLUDE_IN_FRAMEWORK_HEADER = YES;
				CLANG_WARN_RANGE_LOOP_ANALYSIS = YES;
				CLANG_WARN_STRICT_PROTOTYPES = YES;
				CLANG_WARN_SUSPICIOUS_MOVE = YES;
				CLANG_WARN_UNGUARDED_AVAILABILITY = YES_AGGRESSIVE;
				CLANG_WARN_UNREACHABLE_CODE = YES;
				CLANG_WARN__DUPLICATE_METHOD_MATCH = YES;
				COPY_PHASE_STRIP = NO;
				DEBUG_INFORMATION_FORMAT = dwarf;
				ENABLE_STRICT_OBJC_MSGSEND = YES;
				ENABLE_TESTABILITY = YES;
				GCC_C_LANGUAGE_STANDARD = gnu11;
				GCC_DYNAMIC_NO_PIC = NO;
				GCC_NO_COMMON_BLOCKS = YES;
				GCC_OPTIMIZATION_LEVEL = 0;
				GCC_PREPROCESSOR_DEFINITIONS = (
					"DEBUG=1",
					"$(inherited)",
				);
				GCC_WARN_64_TO_32_BIT_CONVERSION = YES;
				GCC_WARN_ABOUT_RETURN_TYPE = YES_ERROR;
				GCC_WARN_UNDECLARED_SELECTOR = YES;
				GCC_WARN_UNINITIALIZED_AUTOS = YES_AGGRESSIVE;
				GCC_WARN_UNUSED_FUNCTION = YES;
				GCC_WARN_UNUSED_VARIABLE = YES;
				IPHONEOS_DEPLOYMENT_TARGET = 14.4;
				MTL_ENABLE_DEBUG_INFO = INCLUDE_SOURCE;
				MTL_FAST_MATH = YES;
				ONLY_ACTIVE_ARCH = YES;
				SDKROOT = iphoneos;
				SWIFT_ACTIVE_COMPILATION_CONDITIONS = DEBUG;
				SWIFT_OPTIMIZATION_LEVEL = "-Onone";
			};
			name = Debug;
		};
		E9B3FF822632D5E400E182A6 /* Release */ = {
			isa = XCBuildConfiguration;
			buildSettings = {
				ALWAYS_SEARCH_USER_PATHS = NO;
				CLANG_ANALYZER_NONNULL = YES;
				CLANG_ANALYZER_NUMBER_OBJECT_CONVERSION = YES_AGGRESSIVE;
				CLANG_CXX_LANGUAGE_STANDARD = "gnu++14";
				CLANG_CXX_LIBRARY = "libc++";
				CLANG_ENABLE_MODULES = YES;
				CLANG_ENABLE_OBJC_ARC = YES;
				CLANG_ENABLE_OBJC_WEAK = YES;
				CLANG_WARN_BLOCK_CAPTURE_AUTORELEASING = YES;
				CLANG_WARN_BOOL_CONVERSION = YES;
				CLANG_WARN_COMMA = YES;
				CLANG_WARN_CONSTANT_CONVERSION = YES;
				CLANG_WARN_DEPRECATED_OBJC_IMPLEMENTATIONS = YES;
				CLANG_WARN_DIRECT_OBJC_ISA_USAGE = YES_ERROR;
				CLANG_WARN_DOCUMENTATION_COMMENTS = YES;
				CLANG_WARN_EMPTY_BODY = YES;
				CLANG_WARN_ENUM_CONVERSION = YES;
				CLANG_WARN_INFINITE_RECURSION = YES;
				CLANG_WARN_INT_CONVERSION = YES;
				CLANG_WARN_NON_LITERAL_NULL_CONVERSION = YES;
				CLANG_WARN_OBJC_IMPLICIT_RETAIN_SELF = YES;
				CLANG_WARN_OBJC_LITERAL_CONVERSION = YES;
				CLANG_WARN_OBJC_ROOT_CLASS = YES_ERROR;
				CLANG_WARN_QUOTED_INCLUDE_IN_FRAMEWORK_HEADER = YES;
				CLANG_WARN_RANGE_LOOP_ANALYSIS = YES;
				CLANG_WARN_STRICT_PROTOTYPES = YES;
				CLANG_WARN_SUSPICIOUS_MOVE = YES;
				CLANG_WARN_UNGUARDED_AVAILABILITY = YES_AGGRESSIVE;
				CLANG_WARN_UNREACHABLE_CODE = YES;
				CLANG_WARN__DUPLICATE_METHOD_MATCH = YES;
				COPY_PHASE_STRIP = NO;
				DEBUG_INFORMATION_FORMAT = "dwarf-with-dsym";
				ENABLE_NS_ASSERTIONS = NO;
				ENABLE_STRICT_OBJC_MSGSEND = YES;
				GCC_C_LANGUAGE_STANDARD = gnu11;
				GCC_NO_COMMON_BLOCKS = YES;
				GCC_WARN_64_TO_32_BIT_CONVERSION = YES;
				GCC_WARN_ABOUT_RETURN_TYPE = YES_ERROR;
				GCC_WARN_UNDECLARED_SELECTOR = YES;
				GCC_WARN_UNINITIALIZED_AUTOS = YES_AGGRESSIVE;
				GCC_WARN_UNUSED_FUNCTION = YES;
				GCC_WARN_UNUSED_VARIABLE = YES;
				IPHONEOS_DEPLOYMENT_TARGET = 14.4;
				MTL_ENABLE_DEBUG_INFO = NO;
				MTL_FAST_MATH = YES;
				SDKROOT = iphoneos;
				SWIFT_COMPILATION_MODE = wholemodule;
				SWIFT_OPTIMIZATION_LEVEL = "-O";
				VALIDATE_PRODUCT = YES;
			};
			name = Release;
		};
		E9B3FF842632D5E400E182A6 /* Debug */ = {
			isa = XCBuildConfiguration;
			baseConfigurationReference = 98CA1D14361377375EAA96C6 /* Pods-Expense&Income.debug.xcconfig */;
			buildSettings = {
				ASSETCATALOG_COMPILER_APPICON_NAME = AppIcon;
				ASSETCATALOG_COMPILER_GLOBAL_ACCENT_COLOR_NAME = AccentColor;
				CODE_SIGN_STYLE = Automatic;
				DEVELOPMENT_TEAM = UHQ7TS5P9H;
				INFOPLIST_FILE = "Expense&Income/Supportings/Info.plist";
				IPHONEOS_DEPLOYMENT_TARGET = 14.5;
				LD_RUNPATH_SEARCH_PATHS = (
					"$(inherited)",
					"@executable_path/Frameworks",
				);
				PRODUCT_BUNDLE_IDENTIFIER = "voxx.Expense-Income";
				PRODUCT_NAME = "$(TARGET_NAME)";
				SWIFT_VERSION = 5.0;
				TARGETED_DEVICE_FAMILY = "1,2";
			};
			name = Debug;
		};
		E9B3FF852632D5E400E182A6 /* Release */ = {
			isa = XCBuildConfiguration;
			baseConfigurationReference = 34B769994457518423AB8B05 /* Pods-Expense&Income.release.xcconfig */;
			buildSettings = {
				ASSETCATALOG_COMPILER_APPICON_NAME = AppIcon;
				ASSETCATALOG_COMPILER_GLOBAL_ACCENT_COLOR_NAME = AccentColor;
				CODE_SIGN_STYLE = Automatic;
				DEVELOPMENT_TEAM = UHQ7TS5P9H;
				INFOPLIST_FILE = "Expense&Income/Supportings/Info.plist";
				IPHONEOS_DEPLOYMENT_TARGET = 14.5;
				LD_RUNPATH_SEARCH_PATHS = (
					"$(inherited)",
					"@executable_path/Frameworks",
				);
				PRODUCT_BUNDLE_IDENTIFIER = "voxx.Expense-Income";
				PRODUCT_NAME = "$(TARGET_NAME)";
				SWIFT_VERSION = 5.0;
				TARGETED_DEVICE_FAMILY = "1,2";
			};
			name = Release;
		};
/* End XCBuildConfiguration section */

/* Begin XCConfigurationList section */
		E9B3FF6A2632D5E300E182A6 /* Build configuration list for PBXProject "Expense&Income" */ = {
			isa = XCConfigurationList;
			buildConfigurations = (
				E9B3FF812632D5E400E182A6 /* Debug */,
				E9B3FF822632D5E400E182A6 /* Release */,
			);
			defaultConfigurationIsVisible = 0;
			defaultConfigurationName = Release;
		};
		E9B3FF832632D5E400E182A6 /* Build configuration list for PBXNativeTarget "Expense&Income" */ = {
			isa = XCConfigurationList;
			buildConfigurations = (
				E9B3FF842632D5E400E182A6 /* Debug */,
				E9B3FF852632D5E400E182A6 /* Release */,
			);
			defaultConfigurationIsVisible = 0;
			defaultConfigurationName = Release;
		};
/* End XCConfigurationList section */
	};
	rootObject = E9B3FF672632D5E300E182A6 /* Project object */;
}
